// !$*UTF8*$!
{
	archiveVersion = 1;
	classes = {
	};
	objectVersion = 51;
	objects = {

/* Begin PBXBuildFile section */
		191139AF253C0F30008A6F5E /* OfflineCell.swift in Sources */ = {isa = PBXBuildFile; fileRef = 191139AE253C0F30008A6F5E /* OfflineCell.swift */; };
		191139B4253C0F44008A6F5E /* OfflineCellViewModel.swift in Sources */ = {isa = PBXBuildFile; fileRef = 191139B3253C0F44008A6F5E /* OfflineCellViewModel.swift */; };
		191139B9253C1629008A6F5E /* DramaListViewModel.swift in Sources */ = {isa = PBXBuildFile; fileRef = 191139B8253C1629008A6F5E /* DramaListViewModel.swift */; };
		191139BE253C2333008A6F5E /* LeftAlignedCollectionViewFlowLayout.swift in Sources */ = {isa = PBXBuildFile; fileRef = 191139BD253C2333008A6F5E /* LeftAlignedCollectionViewFlowLayout.swift */; };
		191139C6253C3244008A6F5E /* UIColor+ColorSet.swift in Sources */ = {isa = PBXBuildFile; fileRef = 191139C5253C3244008A6F5E /* UIColor+ColorSet.swift */; };
		191139D7253C94AD008A6F5E /* DramaInfoViewModel.swift in Sources */ = {isa = PBXBuildFile; fileRef = 191139D6253C94AD008A6F5E /* DramaInfoViewModel.swift */; };
		191139EA253C98F5008A6F5E /* DramaInfoCell.swift in Sources */ = {isa = PBXBuildFile; fileRef = 191139E9253C98F5008A6F5E /* DramaInfoCell.swift */; };
		191139F2253CB4FC008A6F5E /* DaramaInfoCellViewModel.swift in Sources */ = {isa = PBXBuildFile; fileRef = 191139F1253CB4FC008A6F5E /* DaramaInfoCellViewModel.swift */; };
		19190701253959F4001FCE5B /* AppDelegate.swift in Sources */ = {isa = PBXBuildFile; fileRef = 19190700253959F4001FCE5B /* AppDelegate.swift */; };
		19190703253959F4001FCE5B /* SceneDelegate.swift in Sources */ = {isa = PBXBuildFile; fileRef = 19190702253959F4001FCE5B /* SceneDelegate.swift */; };
		19190708253959F4001FCE5B /* Main.storyboard in Resources */ = {isa = PBXBuildFile; fileRef = 19190706253959F4001FCE5B /* Main.storyboard */; };
		1919070B253959F4001FCE5B /* DramasSample.xcdatamodeld in Sources */ = {isa = PBXBuildFile; fileRef = 19190709253959F4001FCE5B /* DramasSample.xcdatamodeld */; };
		1919070D253959F5001FCE5B /* Assets.xcassets in Resources */ = {isa = PBXBuildFile; fileRef = 1919070C253959F5001FCE5B /* Assets.xcassets */; };
		19190710253959F5001FCE5B /* LaunchScreen.storyboard in Resources */ = {isa = PBXBuildFile; fileRef = 1919070E253959F5001FCE5B /* LaunchScreen.storyboard */; };
		1919071B253959F5001FCE5B /* DramasSampleTests.swift in Sources */ = {isa = PBXBuildFile; fileRef = 1919071A253959F5001FCE5B /* DramasSampleTests.swift */; };
		19190726253959F5001FCE5B /* DramasSampleUITests.swift in Sources */ = {isa = PBXBuildFile; fileRef = 19190725253959F5001FCE5B /* DramasSampleUITests.swift */; };
		1919073F25395C68001FCE5B /* DramaListViewController.swift in Sources */ = {isa = PBXBuildFile; fileRef = 1919073E25395C68001FCE5B /* DramaListViewController.swift */; };
		1919074425395C74001FCE5B /* DramaInfoViewController.swift in Sources */ = {isa = PBXBuildFile; fileRef = 1919074325395C74001FCE5B /* DramaInfoViewController.swift */; };
		1919075425396CE9001FCE5B /* StarView.swift in Sources */ = {isa = PBXBuildFile; fileRef = 1919075325396CE9001FCE5B /* StarView.swift */; };
		1919076B25398570001FCE5B /* UIImage+SFSymbol.swift in Sources */ = {isa = PBXBuildFile; fileRef = 1919076A25398570001FCE5B /* UIImage+SFSymbol.swift */; };
		1919077E253A11EF001FCE5B /* StarView2.swift in Sources */ = {isa = PBXBuildFile; fileRef = 1919077D253A11EF001FCE5B /* StarView2.swift */; };
		19190783253A2501001FCE5B /* NetworkClient.swift in Sources */ = {isa = PBXBuildFile; fileRef = 19190782253A2501001FCE5B /* NetworkClient.swift */; };
		19190789253A30F0001FCE5B /* LineTVAPI.swift in Sources */ = {isa = PBXBuildFile; fileRef = 19190788253A30F0001FCE5B /* LineTVAPI.swift */; };
		19190796253A3350001FCE5B /* LineTVAPI+Dramas.swift in Sources */ = {isa = PBXBuildFile; fileRef = 19190795253A3350001FCE5B /* LineTVAPI+Dramas.swift */; };
		194077F3253CC0C90009D8D7 /* NSMutableAttributedString+Common.swift in Sources */ = {isa = PBXBuildFile; fileRef = 194077F2253CC0C90009D8D7 /* NSMutableAttributedString+Common.swift */; };
		195D117D253B7097003184F7 /* DramaCell.swift in Sources */ = {isa = PBXBuildFile; fileRef = 195D117C253B7097003184F7 /* DramaCell.swift */; };
		195D1182253B7D8F003184F7 /* DramaCellViewModel.swift in Sources */ = {isa = PBXBuildFile; fileRef = 195D1181253B7D8F003184F7 /* DramaCellViewModel.swift */; };
		195D1187253B8206003184F7 /* BasicCollectionViewCell.swift in Sources */ = {isa = PBXBuildFile; fileRef = 195D1186253B8206003184F7 /* BasicCollectionViewCell.swift */; };
		19F7DE85253AF3E700D01A35 /* NetworkMonitor.swift in Sources */ = {isa = PBXBuildFile; fileRef = 19F7DE84253AF3E700D01A35 /* NetworkMonitor.swift */; };
		88857443F7AD716C2160DFF5 /* Pods_DramasSample.framework in Frameworks */ = {isa = PBXBuildFile; fileRef = 24EF867E60ECE9742F6EF7EF /* Pods_DramasSample.framework */; };
/* End PBXBuildFile section */

/* Begin PBXContainerItemProxy section */
		19190717253959F5001FCE5B /* PBXContainerItemProxy */ = {
			isa = PBXContainerItemProxy;
			containerPortal = 191906F5253959F4001FCE5B /* Project object */;
			proxyType = 1;
			remoteGlobalIDString = 191906FC253959F4001FCE5B;
			remoteInfo = DramasSample;
		};
		19190722253959F5001FCE5B /* PBXContainerItemProxy */ = {
			isa = PBXContainerItemProxy;
			containerPortal = 191906F5253959F4001FCE5B /* Project object */;
			proxyType = 1;
			remoteGlobalIDString = 191906FC253959F4001FCE5B;
			remoteInfo = DramasSample;
		};
/* End PBXContainerItemProxy section */

/* Begin PBXFileReference section */
		191139AE253C0F30008A6F5E /* OfflineCell.swift */ = {isa = PBXFileReference; lastKnownFileType = sourcecode.swift; path = OfflineCell.swift; sourceTree = "<group>"; };
		191139B3253C0F44008A6F5E /* OfflineCellViewModel.swift */ = {isa = PBXFileReference; lastKnownFileType = sourcecode.swift; path = OfflineCellViewModel.swift; sourceTree = "<group>"; };
		191139B8253C1629008A6F5E /* DramaListViewModel.swift */ = {isa = PBXFileReference; lastKnownFileType = sourcecode.swift; path = DramaListViewModel.swift; sourceTree = "<group>"; };
		191139BD253C2333008A6F5E /* LeftAlignedCollectionViewFlowLayout.swift */ = {isa = PBXFileReference; lastKnownFileType = sourcecode.swift; path = LeftAlignedCollectionViewFlowLayout.swift; sourceTree = "<group>"; };
		191139C5253C3244008A6F5E /* UIColor+ColorSet.swift */ = {isa = PBXFileReference; lastKnownFileType = sourcecode.swift; path = "UIColor+ColorSet.swift"; sourceTree = "<group>"; };
		191139D6253C94AD008A6F5E /* DramaInfoViewModel.swift */ = {isa = PBXFileReference; lastKnownFileType = sourcecode.swift; path = DramaInfoViewModel.swift; sourceTree = "<group>"; };
		191139E9253C98F5008A6F5E /* DramaInfoCell.swift */ = {isa = PBXFileReference; lastKnownFileType = sourcecode.swift; path = DramaInfoCell.swift; sourceTree = "<group>"; };
		191139F1253CB4FC008A6F5E /* DaramaInfoCellViewModel.swift */ = {isa = PBXFileReference; lastKnownFileType = sourcecode.swift; path = DaramaInfoCellViewModel.swift; sourceTree = "<group>"; };
		191906FD253959F4001FCE5B /* DramasSample.app */ = {isa = PBXFileReference; explicitFileType = wrapper.application; includeInIndex = 0; path = DramasSample.app; sourceTree = BUILT_PRODUCTS_DIR; };
		19190700253959F4001FCE5B /* AppDelegate.swift */ = {isa = PBXFileReference; lastKnownFileType = sourcecode.swift; path = AppDelegate.swift; sourceTree = "<group>"; };
		19190702253959F4001FCE5B /* SceneDelegate.swift */ = {isa = PBXFileReference; lastKnownFileType = sourcecode.swift; path = SceneDelegate.swift; sourceTree = "<group>"; };
		19190707253959F4001FCE5B /* Base */ = {isa = PBXFileReference; lastKnownFileType = file.storyboard; name = Base; path = Base.lproj/Main.storyboard; sourceTree = "<group>"; };
		1919070A253959F4001FCE5B /* DramasSample.xcdatamodel */ = {isa = PBXFileReference; lastKnownFileType = wrapper.xcdatamodel; path = DramasSample.xcdatamodel; sourceTree = "<group>"; };
		1919070C253959F5001FCE5B /* Assets.xcassets */ = {isa = PBXFileReference; lastKnownFileType = folder.assetcatalog; path = Assets.xcassets; sourceTree = "<group>"; };
		1919070F253959F5001FCE5B /* Base */ = {isa = PBXFileReference; lastKnownFileType = file.storyboard; name = Base; path = Base.lproj/LaunchScreen.storyboard; sourceTree = "<group>"; };
		19190711253959F5001FCE5B /* Info.plist */ = {isa = PBXFileReference; lastKnownFileType = text.plist.xml; path = Info.plist; sourceTree = "<group>"; };
		19190716253959F5001FCE5B /* DramasSampleTests.xctest */ = {isa = PBXFileReference; explicitFileType = wrapper.cfbundle; includeInIndex = 0; path = DramasSampleTests.xctest; sourceTree = BUILT_PRODUCTS_DIR; };
		1919071A253959F5001FCE5B /* DramasSampleTests.swift */ = {isa = PBXFileReference; lastKnownFileType = sourcecode.swift; path = DramasSampleTests.swift; sourceTree = "<group>"; };
		1919071C253959F5001FCE5B /* Info.plist */ = {isa = PBXFileReference; lastKnownFileType = text.plist.xml; path = Info.plist; sourceTree = "<group>"; };
		19190721253959F5001FCE5B /* DramasSampleUITests.xctest */ = {isa = PBXFileReference; explicitFileType = wrapper.cfbundle; includeInIndex = 0; path = DramasSampleUITests.xctest; sourceTree = BUILT_PRODUCTS_DIR; };
		19190725253959F5001FCE5B /* DramasSampleUITests.swift */ = {isa = PBXFileReference; lastKnownFileType = sourcecode.swift; path = DramasSampleUITests.swift; sourceTree = "<group>"; };
		19190727253959F5001FCE5B /* Info.plist */ = {isa = PBXFileReference; lastKnownFileType = text.plist.xml; path = Info.plist; sourceTree = "<group>"; };
		1919073E25395C68001FCE5B /* DramaListViewController.swift */ = {isa = PBXFileReference; lastKnownFileType = sourcecode.swift; path = DramaListViewController.swift; sourceTree = "<group>"; };
		1919074325395C74001FCE5B /* DramaInfoViewController.swift */ = {isa = PBXFileReference; lastKnownFileType = sourcecode.swift; path = DramaInfoViewController.swift; sourceTree = "<group>"; };
		1919075325396CE9001FCE5B /* StarView.swift */ = {isa = PBXFileReference; lastKnownFileType = sourcecode.swift; path = StarView.swift; sourceTree = "<group>"; };
		1919076A25398570001FCE5B /* UIImage+SFSymbol.swift */ = {isa = PBXFileReference; lastKnownFileType = sourcecode.swift; path = "UIImage+SFSymbol.swift"; sourceTree = "<group>"; };
		1919077D253A11EF001FCE5B /* StarView2.swift */ = {isa = PBXFileReference; lastKnownFileType = sourcecode.swift; path = StarView2.swift; sourceTree = "<group>"; };
		19190782253A2501001FCE5B /* NetworkClient.swift */ = {isa = PBXFileReference; lastKnownFileType = sourcecode.swift; path = NetworkClient.swift; sourceTree = "<group>"; };
		19190788253A30F0001FCE5B /* LineTVAPI.swift */ = {isa = PBXFileReference; lastKnownFileType = sourcecode.swift; path = LineTVAPI.swift; sourceTree = "<group>"; };
		19190795253A3350001FCE5B /* LineTVAPI+Dramas.swift */ = {isa = PBXFileReference; lastKnownFileType = sourcecode.swift; path = "LineTVAPI+Dramas.swift"; sourceTree = "<group>"; };
		194077F2253CC0C90009D8D7 /* NSMutableAttributedString+Common.swift */ = {isa = PBXFileReference; lastKnownFileType = sourcecode.swift; path = "NSMutableAttributedString+Common.swift"; sourceTree = "<group>"; };
		195D117C253B7097003184F7 /* DramaCell.swift */ = {isa = PBXFileReference; lastKnownFileType = sourcecode.swift; path = DramaCell.swift; sourceTree = "<group>"; };
		195D1181253B7D8F003184F7 /* DramaCellViewModel.swift */ = {isa = PBXFileReference; lastKnownFileType = sourcecode.swift; path = DramaCellViewModel.swift; sourceTree = "<group>"; };
		195D1186253B8206003184F7 /* BasicCollectionViewCell.swift */ = {isa = PBXFileReference; lastKnownFileType = sourcecode.swift; path = BasicCollectionViewCell.swift; sourceTree = "<group>"; };
		19F7DE84253AF3E700D01A35 /* NetworkMonitor.swift */ = {isa = PBXFileReference; lastKnownFileType = sourcecode.swift; path = NetworkMonitor.swift; sourceTree = "<group>"; };
		24EF867E60ECE9742F6EF7EF /* Pods_DramasSample.framework */ = {isa = PBXFileReference; explicitFileType = wrapper.framework; includeInIndex = 0; path = Pods_DramasSample.framework; sourceTree = BUILT_PRODUCTS_DIR; };
		62C18098B3C6389AC09BF44F /* Pods-DramasSample.release.xcconfig */ = {isa = PBXFileReference; includeInIndex = 1; lastKnownFileType = text.xcconfig; name = "Pods-DramasSample.release.xcconfig"; path = "Target Support Files/Pods-DramasSample/Pods-DramasSample.release.xcconfig"; sourceTree = "<group>"; };
		7C29C657099FE191D21DBDEE /* Pods-DramasSample.debug.xcconfig */ = {isa = PBXFileReference; includeInIndex = 1; lastKnownFileType = text.xcconfig; name = "Pods-DramasSample.debug.xcconfig"; path = "Target Support Files/Pods-DramasSample/Pods-DramasSample.debug.xcconfig"; sourceTree = "<group>"; };
/* End PBXFileReference section */

/* Begin PBXFrameworksBuildPhase section */
		191906FA253959F4001FCE5B /* Frameworks */ = {
			isa = PBXFrameworksBuildPhase;
			buildActionMask = 2147483647;
			files = (
				88857443F7AD716C2160DFF5 /* Pods_DramasSample.framework in Frameworks */,
			);
			runOnlyForDeploymentPostprocessing = 0;
		};
		19190713253959F5001FCE5B /* Frameworks */ = {
			isa = PBXFrameworksBuildPhase;
			buildActionMask = 2147483647;
			files = (
			);
			runOnlyForDeploymentPostprocessing = 0;
		};
		1919071E253959F5001FCE5B /* Frameworks */ = {
			isa = PBXFrameworksBuildPhase;
			buildActionMask = 2147483647;
			files = (
			);
			runOnlyForDeploymentPostprocessing = 0;
		};
/* End PBXFrameworksBuildPhase section */

/* Begin PBXGroup section */
		191139E7253C98C8008A6F5E /* Cell */ = {
			isa = PBXGroup;
			children = (
				191139E9253C98F5008A6F5E /* DramaInfoCell.swift */,
				191139F1253CB4FC008A6F5E /* DaramaInfoCellViewModel.swift */,
			);
			path = Cell;
			sourceTree = "<group>";
		};
		191906F4253959F4001FCE5B = {
			isa = PBXGroup;
			children = (
				191906FF253959F4001FCE5B /* DramasSample */,
				19190719253959F5001FCE5B /* DramasSampleTests */,
				19190724253959F5001FCE5B /* DramasSampleUITests */,
				191906FE253959F4001FCE5B /* Products */,
				EA52FDBEC4A5B5E1C7E32041 /* Pods */,
				902B01D8BF330F7F38142DE4 /* Frameworks */,
			);
			sourceTree = "<group>";
		};
		191906FE253959F4001FCE5B /* Products */ = {
			isa = PBXGroup;
			children = (
				191906FD253959F4001FCE5B /* DramasSample.app */,
				19190716253959F5001FCE5B /* DramasSampleTests.xctest */,
				19190721253959F5001FCE5B /* DramasSampleUITests.xctest */,
			);
			name = Products;
			sourceTree = "<group>";
		};
		191906FF253959F4001FCE5B /* DramasSample */ = {
			isa = PBXGroup;
			children = (
				191907642539837C001FCE5B /* Common */,
				1919074825395D5E001FCE5B /* OfflineMode */,
				1919073725395B1F001FCE5B /* API */,
				1919073A25395B48001FCE5B /* Pages */,
				19190700253959F4001FCE5B /* AppDelegate.swift */,
				19190702253959F4001FCE5B /* SceneDelegate.swift */,
				19190706253959F4001FCE5B /* Main.storyboard */,
				1919070C253959F5001FCE5B /* Assets.xcassets */,
				1919070E253959F5001FCE5B /* LaunchScreen.storyboard */,
				19190711253959F5001FCE5B /* Info.plist */,
				19190709253959F4001FCE5B /* DramasSample.xcdatamodeld */,
			);
			path = DramasSample;
			sourceTree = "<group>";
		};
		19190719253959F5001FCE5B /* DramasSampleTests */ = {
			isa = PBXGroup;
			children = (
				1919071A253959F5001FCE5B /* DramasSampleTests.swift */,
				1919071C253959F5001FCE5B /* Info.plist */,
			);
			path = DramasSampleTests;
			sourceTree = "<group>";
		};
		19190724253959F5001FCE5B /* DramasSampleUITests */ = {
			isa = PBXGroup;
			children = (
				19190725253959F5001FCE5B /* DramasSampleUITests.swift */,
				19190727253959F5001FCE5B /* Info.plist */,
			);
			path = DramasSampleUITests;
			sourceTree = "<group>";
		};
		1919073625395B08001FCE5B /* DramaListViewController */ = {
			isa = PBXGroup;
			children = (
				195D117B253B707D003184F7 /* Cell */,
				1919073E25395C68001FCE5B /* DramaListViewController.swift */,
				191139B8253C1629008A6F5E /* DramaListViewModel.swift */,
			);
			path = DramaListViewController;
			sourceTree = "<group>";
		};
		1919073725395B1F001FCE5B /* API */ = {
			isa = PBXGroup;
			children = (
				19190787253A30C1001FCE5B /* LineTV */,
				19190782253A2501001FCE5B /* NetworkClient.swift */,
			);
			path = API;
			sourceTree = "<group>";
		};
		1919073825395B28001FCE5B /* DramaInfoViewController */ = {
			isa = PBXGroup;
			children = (
				191139E7253C98C8008A6F5E /* Cell */,
				1919074325395C74001FCE5B /* DramaInfoViewController.swift */,
				191139D6253C94AD008A6F5E /* DramaInfoViewModel.swift */,
			);
			path = DramaInfoViewController;
			sourceTree = "<group>";
		};
		1919073A25395B48001FCE5B /* Pages */ = {
			isa = PBXGroup;
			children = (
				1919073625395B08001FCE5B /* DramaListViewController */,
				1919073825395B28001FCE5B /* DramaInfoViewController */,
			);
			path = Pages;
			sourceTree = "<group>";
		};
		1919074825395D5E001FCE5B /* OfflineMode */ = {
			isa = PBXGroup;
			children = (
				19F7DE84253AF3E700D01A35 /* NetworkMonitor.swift */,
			);
			path = OfflineMode;
			sourceTree = "<group>";
		};
		1919074925396890001FCE5B /* UIComponents */ = {
			isa = PBXGroup;
			children = (
				1919075225396CD3001FCE5B /* StarView */,
			);
			path = UIComponents;
			sourceTree = "<group>";
		};
		1919075225396CD3001FCE5B /* StarView */ = {
			isa = PBXGroup;
			children = (
				1919075325396CE9001FCE5B /* StarView.swift */,
				1919077D253A11EF001FCE5B /* StarView2.swift */,
			);
			path = StarView;
			sourceTree = "<group>";
		};
		191907642539837C001FCE5B /* Common */ = {
			isa = PBXGroup;
			children = (
				194077F1253CC0B70009D8D7 /* Extension */,
				1919074925396890001FCE5B /* UIComponents */,
				195D1186253B8206003184F7 /* BasicCollectionViewCell.swift */,
				191139BD253C2333008A6F5E /* LeftAlignedCollectionViewFlowLayout.swift */,
			);
			path = Common;
			sourceTree = "<group>";
		};
		19190787253A30C1001FCE5B /* LineTV */ = {
			isa = PBXGroup;
			children = (
				19190788253A30F0001FCE5B /* LineTVAPI.swift */,
				19190795253A3350001FCE5B /* LineTVAPI+Dramas.swift */,
			);
			path = LineTV;
			sourceTree = "<group>";
		};
		194077F1253CC0B70009D8D7 /* Extension */ = {
			isa = PBXGroup;
			children = (
				191139C5253C3244008A6F5E /* UIColor+ColorSet.swift */,
				1919076A25398570001FCE5B /* UIImage+SFSymbol.swift */,
				194077F2253CC0C90009D8D7 /* NSMutableAttributedString+Common.swift */,
			);
			path = Extension;
			sourceTree = "<group>";
		};
		195D117B253B707D003184F7 /* Cell */ = {
			isa = PBXGroup;
			children = (
				195D117C253B7097003184F7 /* DramaCell.swift */,
				195D1181253B7D8F003184F7 /* DramaCellViewModel.swift */,
				191139AE253C0F30008A6F5E /* OfflineCell.swift */,
				191139B3253C0F44008A6F5E /* OfflineCellViewModel.swift */,
			);
			path = Cell;
			sourceTree = "<group>";
		};
		902B01D8BF330F7F38142DE4 /* Frameworks */ = {
			isa = PBXGroup;
			children = (
				24EF867E60ECE9742F6EF7EF /* Pods_DramasSample.framework */,
			);
			name = Frameworks;
			sourceTree = "<group>";
		};
		EA52FDBEC4A5B5E1C7E32041 /* Pods */ = {
			isa = PBXGroup;
			children = (
				7C29C657099FE191D21DBDEE /* Pods-DramasSample.debug.xcconfig */,
				62C18098B3C6389AC09BF44F /* Pods-DramasSample.release.xcconfig */,
			);
			path = Pods;
			sourceTree = "<group>";
		};
/* End PBXGroup section */

/* Begin PBXNativeTarget section */
		191906FC253959F4001FCE5B /* DramasSample */ = {
			isa = PBXNativeTarget;
			buildConfigurationList = 1919072A253959F5001FCE5B /* Build configuration list for PBXNativeTarget "DramasSample" */;
			buildPhases = (
				160E0C77DBB261C8D865FFD9 /* [CP] Check Pods Manifest.lock */,
				191906F9253959F4001FCE5B /* Sources */,
				191906FA253959F4001FCE5B /* Frameworks */,
				191906FB253959F4001FCE5B /* Resources */,
				33FA445F392773646EBB291A /* [CP] Embed Pods Frameworks */,
			);
			buildRules = (
			);
			dependencies = (
			);
			name = DramasSample;
			productName = DramasSample;
			productReference = 191906FD253959F4001FCE5B /* DramasSample.app */;
			productType = "com.apple.product-type.application";
		};
		19190715253959F5001FCE5B /* DramasSampleTests */ = {
			isa = PBXNativeTarget;
			buildConfigurationList = 1919072D253959F5001FCE5B /* Build configuration list for PBXNativeTarget "DramasSampleTests" */;
			buildPhases = (
				19190712253959F5001FCE5B /* Sources */,
				19190713253959F5001FCE5B /* Frameworks */,
				19190714253959F5001FCE5B /* Resources */,
			);
			buildRules = (
			);
			dependencies = (
				19190718253959F5001FCE5B /* PBXTargetDependency */,
			);
			name = DramasSampleTests;
			productName = DramasSampleTests;
			productReference = 19190716253959F5001FCE5B /* DramasSampleTests.xctest */;
			productType = "com.apple.product-type.bundle.unit-test";
		};
		19190720253959F5001FCE5B /* DramasSampleUITests */ = {
			isa = PBXNativeTarget;
			buildConfigurationList = 19190730253959F5001FCE5B /* Build configuration list for PBXNativeTarget "DramasSampleUITests" */;
			buildPhases = (
				1919071D253959F5001FCE5B /* Sources */,
				1919071E253959F5001FCE5B /* Frameworks */,
				1919071F253959F5001FCE5B /* Resources */,
			);
			buildRules = (
			);
			dependencies = (
				19190723253959F5001FCE5B /* PBXTargetDependency */,
			);
			name = DramasSampleUITests;
			productName = DramasSampleUITests;
			productReference = 19190721253959F5001FCE5B /* DramasSampleUITests.xctest */;
			productType = "com.apple.product-type.bundle.ui-testing";
		};
/* End PBXNativeTarget section */

/* Begin PBXProject section */
		191906F5253959F4001FCE5B /* Project object */ = {
			isa = PBXProject;
			attributes = {
				LastSwiftUpdateCheck = 1200;
				LastUpgradeCheck = 1200;
				TargetAttributes = {
					191906FC253959F4001FCE5B = {
						CreatedOnToolsVersion = 12.0;
					};
					19190715253959F5001FCE5B = {
						CreatedOnToolsVersion = 12.0;
						TestTargetID = 191906FC253959F4001FCE5B;
					};
					19190720253959F5001FCE5B = {
						CreatedOnToolsVersion = 12.0;
						TestTargetID = 191906FC253959F4001FCE5B;
					};
				};
			};
			buildConfigurationList = 191906F8253959F4001FCE5B /* Build configuration list for PBXProject "DramasSample" */;
			compatibilityVersion = "Xcode 9.3";
			developmentRegion = en;
			hasScannedForEncodings = 0;
			knownRegions = (
				en,
				Base,
			);
			mainGroup = 191906F4253959F4001FCE5B;
			productRefGroup = 191906FE253959F4001FCE5B /* Products */;
			projectDirPath = "";
			projectRoot = "";
			targets = (
				191906FC253959F4001FCE5B /* DramasSample */,
				19190715253959F5001FCE5B /* DramasSampleTests */,
				19190720253959F5001FCE5B /* DramasSampleUITests */,
			);
		};
/* End PBXProject section */

/* Begin PBXResourcesBuildPhase section */
		191906FB253959F4001FCE5B /* Resources */ = {
			isa = PBXResourcesBuildPhase;
			buildActionMask = 2147483647;
			files = (
				19190710253959F5001FCE5B /* LaunchScreen.storyboard in Resources */,
				1919070D253959F5001FCE5B /* Assets.xcassets in Resources */,
				19190708253959F4001FCE5B /* Main.storyboard in Resources */,
			);
			runOnlyForDeploymentPostprocessing = 0;
		};
		19190714253959F5001FCE5B /* Resources */ = {
			isa = PBXResourcesBuildPhase;
			buildActionMask = 2147483647;
			files = (
			);
			runOnlyForDeploymentPostprocessing = 0;
		};
		1919071F253959F5001FCE5B /* Resources */ = {
			isa = PBXResourcesBuildPhase;
			buildActionMask = 2147483647;
			files = (
			);
			runOnlyForDeploymentPostprocessing = 0;
		};
/* End PBXResourcesBuildPhase section */

/* Begin PBXShellScriptBuildPhase section */
		160E0C77DBB261C8D865FFD9 /* [CP] Check Pods Manifest.lock */ = {
			isa = PBXShellScriptBuildPhase;
			buildActionMask = 2147483647;
			files = (
			);
			inputFileListPaths = (
			);
			inputPaths = (
				"${PODS_PODFILE_DIR_PATH}/Podfile.lock",
				"${PODS_ROOT}/Manifest.lock",
			);
			name = "[CP] Check Pods Manifest.lock";
			outputFileListPaths = (
			);
			outputPaths = (
				"$(DERIVED_FILE_DIR)/Pods-DramasSample-checkManifestLockResult.txt",
			);
			runOnlyForDeploymentPostprocessing = 0;
			shellPath = /bin/sh;
			shellScript = "diff \"${PODS_PODFILE_DIR_PATH}/Podfile.lock\" \"${PODS_ROOT}/Manifest.lock\" > /dev/null\nif [ $? != 0 ] ; then\n    # print error to STDERR\n    echo \"error: The sandbox is not in sync with the Podfile.lock. Run 'pod install' or update your CocoaPods installation.\" >&2\n    exit 1\nfi\n# This output is used by Xcode 'outputs' to avoid re-running this script phase.\necho \"SUCCESS\" > \"${SCRIPT_OUTPUT_FILE_0}\"\n";
			showEnvVarsInLog = 0;
		};
		33FA445F392773646EBB291A /* [CP] Embed Pods Frameworks */ = {
			isa = PBXShellScriptBuildPhase;
			buildActionMask = 2147483647;
			files = (
			);
			inputFileListPaths = (
				"${PODS_ROOT}/Target Support Files/Pods-DramasSample/Pods-DramasSample-frameworks-${CONFIGURATION}-input-files.xcfilelist",
			);
			name = "[CP] Embed Pods Frameworks";
			outputFileListPaths = (
				"${PODS_ROOT}/Target Support Files/Pods-DramasSample/Pods-DramasSample-frameworks-${CONFIGURATION}-output-files.xcfilelist",
			);
			runOnlyForDeploymentPostprocessing = 0;
			shellPath = /bin/sh;
			shellScript = "\"${PODS_ROOT}/Target Support Files/Pods-DramasSample/Pods-DramasSample-frameworks.sh\"\n";
			showEnvVarsInLog = 0;
		};
/* End PBXShellScriptBuildPhase section */

/* Begin PBXSourcesBuildPhase section */
		191906F9253959F4001FCE5B /* Sources */ = {
			isa = PBXSourcesBuildPhase;
			buildActionMask = 2147483647;
			files = (
				19190796253A3350001FCE5B /* LineTVAPI+Dramas.swift in Sources */,
				191139D7253C94AD008A6F5E /* DramaInfoViewModel.swift in Sources */,
				19F7DE85253AF3E700D01A35 /* NetworkMonitor.swift in Sources */,
				1919074425395C74001FCE5B /* DramaInfoViewController.swift in Sources */,
				1919077E253A11EF001FCE5B /* StarView2.swift in Sources */,
				191139BE253C2333008A6F5E /* LeftAlignedCollectionViewFlowLayout.swift in Sources */,
				191139B4253C0F44008A6F5E /* OfflineCellViewModel.swift in Sources */,
				19190789253A30F0001FCE5B /* LineTVAPI.swift in Sources */,
				1919073F25395C68001FCE5B /* DramaListViewController.swift in Sources */,
				191139C6253C3244008A6F5E /* UIColor+ColorSet.swift in Sources */,
				195D1182253B7D8F003184F7 /* DramaCellViewModel.swift in Sources */,
				195D117D253B7097003184F7 /* DramaCell.swift in Sources */,
				19190701253959F4001FCE5B /* AppDelegate.swift in Sources */,
				1919076B25398570001FCE5B /* UIImage+SFSymbol.swift in Sources */,
				191139F2253CB4FC008A6F5E /* DaramaInfoCellViewModel.swift in Sources */,
				194077F3253CC0C90009D8D7 /* NSMutableAttributedString+Common.swift in Sources */,
				195D1187253B8206003184F7 /* BasicCollectionViewCell.swift in Sources */,
				191139B9253C1629008A6F5E /* DramaListViewModel.swift in Sources */,
				19190783253A2501001FCE5B /* NetworkClient.swift in Sources */,
				19190703253959F4001FCE5B /* SceneDelegate.swift in Sources */,
				1919075425396CE9001FCE5B /* StarView.swift in Sources */,
				191139EA253C98F5008A6F5E /* DramaInfoCell.swift in Sources */,
				1919070B253959F4001FCE5B /* DramasSample.xcdatamodeld in Sources */,
				191139AF253C0F30008A6F5E /* OfflineCell.swift in Sources */,
			);
			runOnlyForDeploymentPostprocessing = 0;
		};
		19190712253959F5001FCE5B /* Sources */ = {
			isa = PBXSourcesBuildPhase;
			buildActionMask = 2147483647;
			files = (
				1919071B253959F5001FCE5B /* DramasSampleTests.swift in Sources */,
			);
			runOnlyForDeploymentPostprocessing = 0;
		};
		1919071D253959F5001FCE5B /* Sources */ = {
			isa = PBXSourcesBuildPhase;
			buildActionMask = 2147483647;
			files = (
				19190726253959F5001FCE5B /* DramasSampleUITests.swift in Sources */,
			);
			runOnlyForDeploymentPostprocessing = 0;
		};
/* End PBXSourcesBuildPhase section */

/* Begin PBXTargetDependency section */
		19190718253959F5001FCE5B /* PBXTargetDependency */ = {
			isa = PBXTargetDependency;
			target = 191906FC253959F4001FCE5B /* DramasSample */;
			targetProxy = 19190717253959F5001FCE5B /* PBXContainerItemProxy */;
		};
		19190723253959F5001FCE5B /* PBXTargetDependency */ = {
			isa = PBXTargetDependency;
			target = 191906FC253959F4001FCE5B /* DramasSample */;
			targetProxy = 19190722253959F5001FCE5B /* PBXContainerItemProxy */;
		};
/* End PBXTargetDependency section */

/* Begin PBXVariantGroup section */
		19190706253959F4001FCE5B /* Main.storyboard */ = {
			isa = PBXVariantGroup;
			children = (
				19190707253959F4001FCE5B /* Base */,
			);
			name = Main.storyboard;
			sourceTree = "<group>";
		};
		1919070E253959F5001FCE5B /* LaunchScreen.storyboard */ = {
			isa = PBXVariantGroup;
			children = (
				1919070F253959F5001FCE5B /* Base */,
			);
			name = LaunchScreen.storyboard;
			sourceTree = "<group>";
		};
/* End PBXVariantGroup section */

/* Begin XCBuildConfiguration section */
		19190728253959F5001FCE5B /* Debug */ = {
			isa = XCBuildConfiguration;
			buildSettings = {
				ALWAYS_SEARCH_USER_PATHS = NO;
				CLANG_ANALYZER_NONNULL = YES;
				CLANG_ANALYZER_NUMBER_OBJECT_CONVERSION = YES_AGGRESSIVE;
				CLANG_CXX_LANGUAGE_STANDARD = "gnu++14";
				CLANG_CXX_LIBRARY = "libc++";
				CLANG_ENABLE_MODULES = YES;
				CLANG_ENABLE_OBJC_ARC = YES;
				CLANG_ENABLE_OBJC_WEAK = YES;
				CLANG_WARN_BLOCK_CAPTURE_AUTORELEASING = YES;
				CLANG_WARN_BOOL_CONVERSION = YES;
				CLANG_WARN_COMMA = YES;
				CLANG_WARN_CONSTANT_CONVERSION = YES;
				CLANG_WARN_DEPRECATED_OBJC_IMPLEMENTATIONS = YES;
				CLANG_WARN_DIRECT_OBJC_ISA_USAGE = YES_ERROR;
				CLANG_WARN_DOCUMENTATION_COMMENTS = YES;
				CLANG_WARN_EMPTY_BODY = YES;
				CLANG_WARN_ENUM_CONVERSION = YES;
				CLANG_WARN_INFINITE_RECURSION = YES;
				CLANG_WARN_INT_CONVERSION = YES;
				CLANG_WARN_NON_LITERAL_NULL_CONVERSION = YES;
				CLANG_WARN_OBJC_IMPLICIT_RETAIN_SELF = YES;
				CLANG_WARN_OBJC_LITERAL_CONVERSION = YES;
				CLANG_WARN_OBJC_ROOT_CLASS = YES_ERROR;
				CLANG_WARN_QUOTED_INCLUDE_IN_FRAMEWORK_HEADER = YES;
				CLANG_WARN_RANGE_LOOP_ANALYSIS = YES;
				CLANG_WARN_STRICT_PROTOTYPES = YES;
				CLANG_WARN_SUSPICIOUS_MOVE = YES;
				CLANG_WARN_UNGUARDED_AVAILABILITY = YES_AGGRESSIVE;
				CLANG_WARN_UNREACHABLE_CODE = YES;
				CLANG_WARN__DUPLICATE_METHOD_MATCH = YES;
				COPY_PHASE_STRIP = NO;
				DEBUG_INFORMATION_FORMAT = dwarf;
				ENABLE_STRICT_OBJC_MSGSEND = YES;
				ENABLE_TESTABILITY = YES;
				GCC_C_LANGUAGE_STANDARD = gnu11;
				GCC_DYNAMIC_NO_PIC = NO;
				GCC_NO_COMMON_BLOCKS = YES;
				GCC_OPTIMIZATION_LEVEL = 0;
				GCC_PREPROCESSOR_DEFINITIONS = (
					"DEBUG=1",
					"$(inherited)",
				);
				GCC_WARN_64_TO_32_BIT_CONVERSION = YES;
				GCC_WARN_ABOUT_RETURN_TYPE = YES_ERROR;
				GCC_WARN_UNDECLARED_SELECTOR = YES;
				GCC_WARN_UNINITIALIZED_AUTOS = YES_AGGRESSIVE;
				GCC_WARN_UNUSED_FUNCTION = YES;
				GCC_WARN_UNUSED_VARIABLE = YES;
				IPHONEOS_DEPLOYMENT_TARGET = 13.0;
				MTL_ENABLE_DEBUG_INFO = INCLUDE_SOURCE;
				MTL_FAST_MATH = YES;
				ONLY_ACTIVE_ARCH = YES;
				SDKROOT = iphoneos;
				SWIFT_ACTIVE_COMPILATION_CONDITIONS = DEBUG;
				SWIFT_OPTIMIZATION_LEVEL = "-Onone";
			};
			name = Debug;
		};
		19190729253959F5001FCE5B /* Release */ = {
			isa = XCBuildConfiguration;
			buildSettings = {
				ALWAYS_SEARCH_USER_PATHS = NO;
				CLANG_ANALYZER_NONNULL = YES;
				CLANG_ANALYZER_NUMBER_OBJECT_CONVERSION = YES_AGGRESSIVE;
				CLANG_CXX_LANGUAGE_STANDARD = "gnu++14";
				CLANG_CXX_LIBRARY = "libc++";
				CLANG_ENABLE_MODULES = YES;
				CLANG_ENABLE_OBJC_ARC = YES;
				CLANG_ENABLE_OBJC_WEAK = YES;
				CLANG_WARN_BLOCK_CAPTURE_AUTORELEASING = YES;
				CLANG_WARN_BOOL_CONVERSION = YES;
				CLANG_WARN_COMMA = YES;
				CLANG_WARN_CONSTANT_CONVERSION = YES;
				CLANG_WARN_DEPRECATED_OBJC_IMPLEMENTATIONS = YES;
				CLANG_WARN_DIRECT_OBJC_ISA_USAGE = YES_ERROR;
				CLANG_WARN_DOCUMENTATION_COMMENTS = YES;
				CLANG_WARN_EMPTY_BODY = YES;
				CLANG_WARN_ENUM_CONVERSION = YES;
				CLANG_WARN_INFINITE_RECURSION = YES;
				CLANG_WARN_INT_CONVERSION = YES;
				CLANG_WARN_NON_LITERAL_NULL_CONVERSION = YES;
				CLANG_WARN_OBJC_IMPLICIT_RETAIN_SELF = YES;
				CLANG_WARN_OBJC_LITERAL_CONVERSION = YES;
				CLANG_WARN_OBJC_ROOT_CLASS = YES_ERROR;
				CLANG_WARN_QUOTED_INCLUDE_IN_FRAMEWORK_HEADER = YES;
				CLANG_WARN_RANGE_LOOP_ANALYSIS = YES;
				CLANG_WARN_STRICT_PROTOTYPES = YES;
				CLANG_WARN_SUSPICIOUS_MOVE = YES;
				CLANG_WARN_UNGUARDED_AVAILABILITY = YES_AGGRESSIVE;
				CLANG_WARN_UNREACHABLE_CODE = YES;
				CLANG_WARN__DUPLICATE_METHOD_MATCH = YES;
				COPY_PHASE_STRIP = NO;
				DEBUG_INFORMATION_FORMAT = "dwarf-with-dsym";
				ENABLE_NS_ASSERTIONS = NO;
				ENABLE_STRICT_OBJC_MSGSEND = YES;
				GCC_C_LANGUAGE_STANDARD = gnu11;
				GCC_NO_COMMON_BLOCKS = YES;
				GCC_WARN_64_TO_32_BIT_CONVERSION = YES;
				GCC_WARN_ABOUT_RETURN_TYPE = YES_ERROR;
				GCC_WARN_UNDECLARED_SELECTOR = YES;
				GCC_WARN_UNINITIALIZED_AUTOS = YES_AGGRESSIVE;
				GCC_WARN_UNUSED_FUNCTION = YES;
				GCC_WARN_UNUSED_VARIABLE = YES;
				IPHONEOS_DEPLOYMENT_TARGET = 13.0;
				MTL_ENABLE_DEBUG_INFO = NO;
				MTL_FAST_MATH = YES;
				SDKROOT = iphoneos;
				SWIFT_COMPILATION_MODE = wholemodule;
				SWIFT_OPTIMIZATION_LEVEL = "-O";
				VALIDATE_PRODUCT = YES;
			};
			name = Release;
		};
		1919072B253959F5001FCE5B /* Debug */ = {
			isa = XCBuildConfiguration;
			baseConfigurationReference = 7C29C657099FE191D21DBDEE /* Pods-DramasSample.debug.xcconfig */;
			buildSettings = {
				ASSETCATALOG_COMPILER_APPICON_NAME = AppIcon;
				ASSETCATALOG_COMPILER_GLOBAL_ACCENT_COLOR_NAME = AccentColor;
				CODE_SIGN_STYLE = Automatic;
				INFOPLIST_FILE = DramasSample/Info.plist;
				LD_RUNPATH_SEARCH_PATHS = (
					"$(inherited)",
					"@executable_path/Frameworks",
				);
				PRODUCT_BUNDLE_IDENTIFIER = com.alexlin.example.DramasSample;
				PRODUCT_NAME = "$(TARGET_NAME)";
				SWIFT_VERSION = 5.0;
				TARGETED_DEVICE_FAMILY = "1,2";
			};
			name = Debug;
		};
		1919072C253959F5001FCE5B /* Release */ = {
			isa = XCBuildConfiguration;
			baseConfigurationReference = 62C18098B3C6389AC09BF44F /* Pods-DramasSample.release.xcconfig */;
			buildSettings = {
				ASSETCATALOG_COMPILER_APPICON_NAME = AppIcon;
				ASSETCATALOG_COMPILER_GLOBAL_ACCENT_COLOR_NAME = AccentColor;
				CODE_SIGN_STYLE = Automatic;
				INFOPLIST_FILE = DramasSample/Info.plist;
				LD_RUNPATH_SEARCH_PATHS = (
					"$(inherited)",
					"@executable_path/Frameworks",
				);
				PRODUCT_BUNDLE_IDENTIFIER = com.alexlin.example.DramasSample;
				PRODUCT_NAME = "$(TARGET_NAME)";
				SWIFT_VERSION = 5.0;
				TARGETED_DEVICE_FAMILY = "1,2";
			};
			name = Release;
		};
		1919072E253959F5001FCE5B /* Debug */ = {
			isa = XCBuildConfiguration;
			buildSettings = {
				ALWAYS_EMBED_SWIFT_STANDARD_LIBRARIES = YES;
				BUNDLE_LOADER = "$(TEST_HOST)";
				CODE_SIGN_STYLE = Automatic;
				INFOPLIST_FILE = DramasSampleTests/Info.plist;
				IPHONEOS_DEPLOYMENT_TARGET = 14.0;
				LD_RUNPATH_SEARCH_PATHS = (
					"$(inherited)",
					"@executable_path/Frameworks",
					"@loader_path/Frameworks",
				);
				PRODUCT_BUNDLE_IDENTIFIER = com.alexlin.example.DramasSampleTests;
				PRODUCT_NAME = "$(TARGET_NAME)";
				SWIFT_VERSION = 5.0;
				TARGETED_DEVICE_FAMILY = "1,2";
				TEST_HOST = "$(BUILT_PRODUCTS_DIR)/DramasSample.app/DramasSample";
			};
			name = Debug;
		};
		1919072F253959F5001FCE5B /* Release */ = {
			isa = XCBuildConfiguration;
			buildSettings = {
				ALWAYS_EMBED_SWIFT_STANDARD_LIBRARIES = YES;
				BUNDLE_LOADER = "$(TEST_HOST)";
				CODE_SIGN_STYLE = Automatic;
				INFOPLIST_FILE = DramasSampleTests/Info.plist;
				IPHONEOS_DEPLOYMENT_TARGET = 14.0;
				LD_RUNPATH_SEARCH_PATHS = (
					"$(inherited)",
					"@executable_path/Frameworks",
					"@loader_path/Frameworks",
				);
				PRODUCT_BUNDLE_IDENTIFIER = com.alexlin.example.DramasSampleTests;
				PRODUCT_NAME = "$(TARGET_NAME)";
				SWIFT_VERSION = 5.0;
				TARGETED_DEVICE_FAMILY = "1,2";
				TEST_HOST = "$(BUILT_PRODUCTS_DIR)/DramasSample.app/DramasSample";
			};
			name = Release;
		};
		19190731253959F5001FCE5B /* Debug */ = {
			isa = XCBuildConfiguration;
			buildSettings = {
				ALWAYS_EMBED_SWIFT_STANDARD_LIBRARIES = YES;
				CODE_SIGN_STYLE = Automatic;
				INFOPLIST_FILE = DramasSampleUITests/Info.plist;
				LD_RUNPATH_SEARCH_PATHS = (
					"$(inherited)",
					"@executable_path/Frameworks",
					"@loader_path/Frameworks",
				);
				PRODUCT_BUNDLE_IDENTIFIER = com.alexlin.example.DramasSampleUITests;
				PRODUCT_NAME = "$(TARGET_NAME)";
				SWIFT_VERSION = 5.0;
				TARGETED_DEVICE_FAMILY = "1,2";
				TEST_TARGET_NAME = DramasSample;
			};
			name = Debug;
		};
		19190732253959F5001FCE5B /* Release */ = {
			isa = XCBuildConfiguration;
			buildSettings = {
				ALWAYS_EMBED_SWIFT_STANDARD_LIBRARIES = YES;
				CODE_SIGN_STYLE = Automatic;
				INFOPLIST_FILE = DramasSampleUITests/Info.plist;
				LD_RUNPATH_SEARCH_PATHS = (
					"$(inherited)",
					"@executable_path/Frameworks",
					"@loader_path/Frameworks",
				);
				PRODUCT_BUNDLE_IDENTIFIER = com.alexlin.example.DramasSampleUITests;
				PRODUCT_NAME = "$(TARGET_NAME)";
				SWIFT_VERSION = 5.0;
				TARGETED_DEVICE_FAMILY = "1,2";
				TEST_TARGET_NAME = DramasSample;
			};
			name = Release;
		};
/* End XCBuildConfiguration section */

/* Begin XCConfigurationList section */
		191906F8253959F4001FCE5B /* Build configuration list for PBXProject "DramasSample" */ = {
			isa = XCConfigurationList;
			buildConfigurations = (
				19190728253959F5001FCE5B /* Debug */,
				19190729253959F5001FCE5B /* Release */,
			);
			defaultConfigurationIsVisible = 0;
			defaultConfigurationName = Release;
		};
		1919072A253959F5001FCE5B /* Build configuration list for PBXNativeTarget "DramasSample" */ = {
			isa = XCConfigurationList;
			buildConfigurations = (
				1919072B253959F5001FCE5B /* Debug */,
				1919072C253959F5001FCE5B /* Release */,
			);
			defaultConfigurationIsVisible = 0;
			defaultConfigurationName = Release;
		};
		1919072D253959F5001FCE5B /* Build configuration list for PBXNativeTarget "DramasSampleTests" */ = {
			isa = XCConfigurationList;
			buildConfigurations = (
				1919072E253959F5001FCE5B /* Debug */,
				1919072F253959F5001FCE5B /* Release */,
			);
			defaultConfigurationIsVisible = 0;
			defaultConfigurationName = Release;
		};
		19190730253959F5001FCE5B /* Build configuration list for PBXNativeTarget "DramasSampleUITests" */ = {
			isa = XCConfigurationList;
			buildConfigurations = (
				19190731253959F5001FCE5B /* Debug */,
				19190732253959F5001FCE5B /* Release */,
			);
			defaultConfigurationIsVisible = 0;
			defaultConfigurationName = Release;
		};
/* End XCConfigurationList section */

/* Begin XCVersionGroup section */
		19190709253959F4001FCE5B /* DramasSample.xcdatamodeld */ = {
			isa = XCVersionGroup;
			children = (
				1919070A253959F4001FCE5B /* DramasSample.xcdatamodel */,
			);
			currentVersion = 1919070A253959F4001FCE5B /* DramasSample.xcdatamodel */;
			path = DramasSample.xcdatamodeld;
			sourceTree = "<group>";
			versionGroupType = wrapper.xcdatamodel;
		};
/* End XCVersionGroup section */
	};
	rootObject = 191906F5253959F4001FCE5B /* Project object */;
}
